
Microsoft Visual Studio Solution File, Format Version 12.00
# Visual Studio Version 16
VisualStudioVersion = 16.0.32228.343
MinimumVisualStudioVersion = 10.0.40219.1
Project("{FAE04EC0-301F-11D3-BF4B-00C04F79EFBC}") = "CsToTsTest", "CsToTsTest\CsToTsTest.csproj", "{6333A1F7-D508-4514-8F63-1B6F7DAFA6D0}"
EndProject
Global
	GlobalSection(SolutionConfigurationPlatforms) = preSolution
		Debug|Any CPU = Debug|Any CPU
		Release|Any CPU = Release|Any CPU
	EndGlobalSection
	GlobalSection(ProjectConfigurationPlatforms) = postSolution
		{6333A1F7-D508-4514-8F63-1B6F7DAFA6D0}.Debug|Any CPU.ActiveCfg = Debug|Any CPU
		{6333A1F7-D508-4514-8F63-1B6F7DAFA6D0}.Debug|Any CPU.Build.0 = Debug|Any CPU
		{6333A1F7-D508-4514-8F63-1B6F7DAFA6D0}.Release|Any CPU.ActiveCfg = Release|Any CPU
		{6333A1F7-D508-4514-8F63-1B6F7DAFA6D0}.Release|Any CPU.Build.0 = Release|Any CPU
	EndGlobalSection
	GlobalSection(SolutionProperties) = preSolution
		HideSolutionNode = FALSE
	EndGlobalSection
	GlobalSection(ExtensibilityGlobals) = postSolution
		SolutionGuid = {A58BCE0D-C5B1-4095-BAD8-1A4D8A308830}
	EndGlobalSection
EndGlobal
